
Microsoft Visual Studio Solution File, Format Version 12.00
# Visual Studio Version 17
VisualStudioVersion = 17.7.34031.279
MinimumVisualStudioVersion = 10.0.40219.1
Project("{FAE04EC0-301F-11D3-BF4B-00C04F79EFBC}") = "exitService", "exitService.csproj", "{BE5D0A78-1735-4094-8847-96D54CE46BF3}"
EndProject
Global
	GlobalSection(SolutionConfigurationPlatforms) = preSolution
		Debug|Any CPU = Debug|Any CPU
		Release|Any CPU = Release|Any CPU
	EndGlobalSection
	GlobalSection(ProjectConfigurationPlatforms) = postSolution
		{BE5D0A78-1735-4094-8847-96D54CE46BF3}.Debug|Any CPU.ActiveCfg = Debug|Any CPU
		{BE5D0A78-1735-4094-8847-96D54CE46BF3}.Debug|Any CPU.Build.0 = Debug|Any CPU
		{BE5D0A78-1735-4094-8847-96D54CE46BF3}.Release|Any CPU.ActiveCfg = Release|Any CPU
		{BE5D0A78-1735-4094-8847-96D54CE46BF3}.Release|Any CPU.Build.0 = Release|Any CPU
	EndGlobalSection
	GlobalSection(SolutionProperties) = preSolution
		HideSolutionNode = FALSE
	EndGlobalSection
	GlobalSection(ExtensibilityGlobals) = postSolution
		SolutionGuid = {05AA65E1-43D2-4801-9CCF-BBC0F3AECA3F}
	EndGlobalSection
EndGlobal
